# THIS IS AN AUTOGENERATED FILE. DO NOT EDIT THIS FILE DIRECTLY.
# yarn lockfile v1


any-base@^1.1.0:
  version "1.1.0"
  resolved "https://registry.npm.taobao.org/any-base/download/any-base-1.1.0.tgz#ae101a62bc08a597b4c9ab5b7089d456630549fe"
  integrity sha1-rhAaYrwIpZe0yatbcInUVmMFSf4=

short-uuid@^4.2.0:
  version "4.2.0"
  resolved "https://registry.nlark.com/short-uuid/download/short-uuid-4.2.0.tgz#3706d9e7287ac589dc5ffe324d3e34817a07540b"
  integrity sha1-NwbZ5yh6xYncX/4yTT40gXoHVAs=
  dependencies:
    any-base "^1.1.0"
    uuid "^8.3.2"

uuid@^8.3.2:
  version "8.3.2"
  resolved "https://registry.npmmirror.com/uuid/download/uuid-8.3.2.tgz#80d5b5ced271bb9af6c445f21a1a04c606cefbe2"
  integrity sha512-+NYs2QeMWy+GWFOEm9xnn6HCDp0l7QBD7ml8zLUmJ+93Q5NF0NocErnwkTkXVFNiX3/fpC6afS8Dhb/gz7R7eg==

ws@^8.4.0:
  version "8.4.0"
  resolved "https://registry.npmmirror.com/ws/download/ws-8.4.0.tgz#f05e982a0a88c604080e8581576e2a063802bed6"
  integrity sha512-IHVsKe2pjajSUIl4KYMQOdlyliovpEPquKkqbwswulszzI7r0SfQrxnXdWAEqOlDCLrVSJzo+O1hAwdog2sKSQ==
